
Microsoft Visual Studio Solution File, Format Version 12.00
# Visual Studio Version 16
VisualStudioVersion = 16.0.31702.278
MinimumVisualStudioVersion = 10.0.40219.1
Project("{FAE04EC0-301F-11D3-BF4B-00C04F79EFBC}") = "DS_GUI", "DS_GUI\DS_GUI.csproj", "{D9E1481D-ACA0-4DC8-B43E-F14B3D4ED1D6}"
EndProject
Global
	GlobalSection(SolutionConfigurationPlatforms) = preSolution
		Debug|Any CPU = Debug|Any CPU
		Release|Any CPU = Release|Any CPU
	EndGlobalSection
	GlobalSection(ProjectConfigurationPlatforms) = postSolution
		{D9E1481D-ACA0-4DC8-B43E-F14B3D4ED1D6}.Debug|Any CPU.ActiveCfg = Debug|Any CPU
		{D9E1481D-ACA0-4DC8-B43E-F14B3D4ED1D6}.Debug|Any CPU.Build.0 = Debug|Any CPU
		{D9E1481D-ACA0-4DC8-B43E-F14B3D4ED1D6}.Release|Any CPU.ActiveCfg = Release|Any CPU
		{D9E1481D-ACA0-4DC8-B43E-F14B3D4ED1D6}.Release|Any CPU.Build.0 = Release|Any CPU
	EndGlobalSection
	GlobalSection(SolutionProperties) = preSolution
		HideSolutionNode = FALSE
	EndGlobalSection
	GlobalSection(ExtensibilityGlobals) = postSolution
		SolutionGuid = {FCACE927-4011-43BD-A750-88F11FD6E892}
	EndGlobalSection
EndGlobal
